
Microsoft Visual Studio Solution File, Format Version 12.00
# Visual Studio 15
VisualStudioVersion = 15.0.26430.14
MinimumVisualStudioVersion = 10.0.40219.1
Project("{9A19103F-16F7-4668-BE54-9A1E7A4F7556}") = "MqttFx.Test", "test\nMqtt.Test\MqttFx.Test.csproj", "{C1DCC6CB-29BE-4B12-8CE5-9126039EE3EE}"
EndProject
Project("{9A19103F-16F7-4668-BE54-9A1E7A4F7556}") = "Echo.Client", "examples\Echo.Client\Echo.Client.csproj", "{F657D758-2730-44FE-B58D-D41816F90B60}"
EndProject
Project("{9A19103F-16F7-4668-BE54-9A1E7A4F7556}") = "MqttFx", "src\MqttFx\MqttFx.csproj", "{F065401D-3021-402E-BC0D-F28C96E91277}"
EndProject
Global
	GlobalSection(SolutionConfigurationPlatforms) = preSolution
		Debug|Any CPU = Debug|Any CPU
		Release|Any CPU = Release|Any CPU
	EndGlobalSection
	GlobalSection(ProjectConfigurationPlatforms) = postSolution
		{C1DCC6CB-29BE-4B12-8CE5-9126039EE3EE}.Debug|Any CPU.ActiveCfg = Debug|Any CPU
		{C1DCC6CB-29BE-4B12-8CE5-9126039EE3EE}.Debug|Any CPU.Build.0 = Debug|Any CPU
		{C1DCC6CB-29BE-4B12-8CE5-9126039EE3EE}.Release|Any CPU.ActiveCfg = Release|Any CPU
		{C1DCC6CB-29BE-4B12-8CE5-9126039EE3EE}.Release|Any CPU.Build.0 = Release|Any CPU
		{F657D758-2730-44FE-B58D-D41816F90B60}.Debug|Any CPU.ActiveCfg = Debug|Any CPU
		{F657D758-2730-44FE-B58D-D41816F90B60}.Debug|Any CPU.Build.0 = Debug|Any CPU
		{F657D758-2730-44FE-B58D-D41816F90B60}.Release|Any CPU.ActiveCfg = Release|Any CPU
		{F657D758-2730-44FE-B58D-D41816F90B60}.Release|Any CPU.Build.0 = Release|Any CPU
		{F065401D-3021-402E-BC0D-F28C96E91277}.Debug|Any CPU.ActiveCfg = Debug|Any CPU
		{F065401D-3021-402E-BC0D-F28C96E91277}.Debug|Any CPU.Build.0 = Debug|Any CPU
		{F065401D-3021-402E-BC0D-F28C96E91277}.Release|Any CPU.ActiveCfg = Release|Any CPU
		{F065401D-3021-402E-BC0D-F28C96E91277}.Release|Any CPU.Build.0 = Release|Any CPU
	EndGlobalSection
	GlobalSection(SolutionProperties) = preSolution
		HideSolutionNode = FALSE
	EndGlobalSection
	GlobalSection(ExtensibilityGlobals) = postSolution
		SolutionGuid = {4E0A9EB4-1E55-4389-96A4-EC45F5D31A1C}
	EndGlobalSection
EndGlobal
