
Microsoft Visual Studio Solution File, Format Version 12.00
# Visual Studio Version 16
VisualStudioVersion = 16.0.29009.5
MinimumVisualStudioVersion = 10.0.40219.1
Project("{9A19103F-16F7-4668-BE54-9A1E7A4F7556}") = "MqttFx.Test", "test\nMqtt.Test\MqttFx.Test.csproj", "{C1DCC6CB-29BE-4B12-8CE5-9126039EE3EE}"
EndProject
Project("{9A19103F-16F7-4668-BE54-9A1E7A4F7556}") = "MqttFx", "src\MqttFx\MqttFx.csproj", "{F065401D-3021-402E-BC0D-F28C96E91277}"
EndProject
Project("{9A19103F-16F7-4668-BE54-9A1E7A4F7556}") = "DotNetty.Codecs.MqttFx", "src\DotNetty.Codecs.MqttFx\DotNetty.Codecs.MqttFx.csproj", "{316B0FD8-15E4-40D9-AFFB-259EBE1E6886}"
EndProject
Project("{2150E333-8FDC-42A3-9474-1A3956D46DE8}") = "src", "src", "{541B0DD0-22BE-4B97-B80E-23C75868D1E2}"
EndProject
Project("{2150E333-8FDC-42A3-9474-1A3956D46DE8}") = "samples", "samples", "{64378755-ADF3-471A-905F-08F1D14B9F79}"
EndProject
Project("{2150E333-8FDC-42A3-9474-1A3956D46DE8}") = "test", "test", "{6FF4C7B2-AC10-40F8-9337-827636A50892}"
EndProject
Project("{9A19103F-16F7-4668-BE54-9A1E7A4F7556}") = "SimpleClient", "examples\SimpleClient\SimpleClient.csproj", "{98C7DCBA-025A-47E1-AC2B-69067DD1641E}"
EndProject
Project("{9A19103F-16F7-4668-BE54-9A1E7A4F7556}") = "EchoClient", "examples\EchoClient\EchoClient.csproj", "{2E39C47F-0B2F-4098-B68C-566E36A127CC}"
EndProject
Project("{2150E333-8FDC-42A3-9474-1A3956D46DE8}") = "Solution Items", "Solution Items", "{4BB60B21-F408-431A-B28A-CF40BDCD5827}"
	ProjectSection(SolutionItems) = preProject
		PROTOCOL.md = PROTOCOL.md
		README.md = README.md
	EndProjectSection
EndProject
Global
	GlobalSection(SolutionConfigurationPlatforms) = preSolution
		Debug|Any CPU = Debug|Any CPU
		Release|Any CPU = Release|Any CPU
	EndGlobalSection
	GlobalSection(ProjectConfigurationPlatforms) = postSolution
		{C1DCC6CB-29BE-4B12-8CE5-9126039EE3EE}.Debug|Any CPU.ActiveCfg = Debug|Any CPU
		{C1DCC6CB-29BE-4B12-8CE5-9126039EE3EE}.Debug|Any CPU.Build.0 = Debug|Any CPU
		{C1DCC6CB-29BE-4B12-8CE5-9126039EE3EE}.Release|Any CPU.ActiveCfg = Release|Any CPU
		{C1DCC6CB-29BE-4B12-8CE5-9126039EE3EE}.Release|Any CPU.Build.0 = Release|Any CPU
		{F065401D-3021-402E-BC0D-F28C96E91277}.Debug|Any CPU.ActiveCfg = Debug|Any CPU
		{F065401D-3021-402E-BC0D-F28C96E91277}.Debug|Any CPU.Build.0 = Debug|Any CPU
		{F065401D-3021-402E-BC0D-F28C96E91277}.Release|Any CPU.ActiveCfg = Release|Any CPU
		{F065401D-3021-402E-BC0D-F28C96E91277}.Release|Any CPU.Build.0 = Release|Any CPU
		{316B0FD8-15E4-40D9-AFFB-259EBE1E6886}.Debug|Any CPU.ActiveCfg = Debug|Any CPU
		{316B0FD8-15E4-40D9-AFFB-259EBE1E6886}.Debug|Any CPU.Build.0 = Debug|Any CPU
		{316B0FD8-15E4-40D9-AFFB-259EBE1E6886}.Release|Any CPU.ActiveCfg = Release|Any CPU
		{316B0FD8-15E4-40D9-AFFB-259EBE1E6886}.Release|Any CPU.Build.0 = Release|Any CPU
		{98C7DCBA-025A-47E1-AC2B-69067DD1641E}.Debug|Any CPU.ActiveCfg = Debug|Any CPU
		{98C7DCBA-025A-47E1-AC2B-69067DD1641E}.Debug|Any CPU.Build.0 = Debug|Any CPU
		{98C7DCBA-025A-47E1-AC2B-69067DD1641E}.Release|Any CPU.ActiveCfg = Release|Any CPU
		{98C7DCBA-025A-47E1-AC2B-69067DD1641E}.Release|Any CPU.Build.0 = Release|Any CPU
		{2E39C47F-0B2F-4098-B68C-566E36A127CC}.Debug|Any CPU.ActiveCfg = Debug|Any CPU
		{2E39C47F-0B2F-4098-B68C-566E36A127CC}.Debug|Any CPU.Build.0 = Debug|Any CPU
		{2E39C47F-0B2F-4098-B68C-566E36A127CC}.Release|Any CPU.ActiveCfg = Release|Any CPU
		{2E39C47F-0B2F-4098-B68C-566E36A127CC}.Release|Any CPU.Build.0 = Release|Any CPU
	EndGlobalSection
	GlobalSection(SolutionProperties) = preSolution
		HideSolutionNode = FALSE
	EndGlobalSection
	GlobalSection(NestedProjects) = preSolution
		{C1DCC6CB-29BE-4B12-8CE5-9126039EE3EE} = {6FF4C7B2-AC10-40F8-9337-827636A50892}
		{F065401D-3021-402E-BC0D-F28C96E91277} = {541B0DD0-22BE-4B97-B80E-23C75868D1E2}
		{316B0FD8-15E4-40D9-AFFB-259EBE1E6886} = {541B0DD0-22BE-4B97-B80E-23C75868D1E2}
		{98C7DCBA-025A-47E1-AC2B-69067DD1641E} = {64378755-ADF3-471A-905F-08F1D14B9F79}
		{2E39C47F-0B2F-4098-B68C-566E36A127CC} = {64378755-ADF3-471A-905F-08F1D14B9F79}
	EndGlobalSection
	GlobalSection(ExtensibilityGlobals) = postSolution
		SolutionGuid = {4E0A9EB4-1E55-4389-96A4-EC45F5D31A1C}
	EndGlobalSection
EndGlobal
